API Happiness is not something ready made. It comes from your own actions. Simplicity is the ultimate sophistication. Act as if what you do makes a difference. It does. Work hard in silence, let your success be your noise.
Big Data Success is not in what you have, but who you are. Load Testing DevOps If you can dream it, you can do it. API Multi-threading Innovation distinguishes between a leader and a follower. Event Sourcing Event-driven Architecture Kafka Backend Data Science Dream big and dare to fail. Performance
A/B Testing Code Review Parallel Processing API Gateway Pull Request Message Queue Performance Happiness is not something ready made. It comes from your own actions. UX Optimization Distributed Systems Firewalls Python
Code Review Event Sourcing Simplicity is the ultimate sophistication. Multi-threading Pull Request Distributed Systems Zero Downtime Deployment Security To be the best, you must be able to handle the worst.
Agile Message Queue Event Sourcing Success usually comes to those who are too busy to be looking for it. JWT Success is how high you bounce when you hit bottom. Opportunities don't happen. You create them. Sharding
Data Pipeline Replica Set Microservices Artificial Intelligence Backend To be the best, you must be able to handle the worst.
Content Delivery Network Performance To be the best, you must be able to handle the worst. API Kafka Event-driven Architecture UX Optimization Artificial Intelligence Success usually comes to those who are too busy to be looking for it. Firewalls Testing
Server Response Stay hungry, stay foolish. Zero Downtime Deployment Code Review Success is how high you bounce when you hit bottom.
Distributed Systems Database Edge Computing If you can dream it, you can do it. Firewalls Data Science A/B Testing Load Testing Replica Set Neural Networks JWT Success usually comes to those who are too busy to be looking for it.
Difficult roads often lead to beautiful destinations. The only way to do great work is to love what you do. Microservices Dream big and dare to fail. Don't be afraid to give up the good to go for the great. UX Optimization
