API Happiness is not something ready made. It comes from your own actions. Simplicity is the ultimate sophistication. Act as if what you do makes a difference. It does. Work hard in silence, let your success be your noise.
Big Data Success is not in what you have, but who you are. Load Testing DevOps If you can dream it, you can do it. API Multi-threading Innovation distinguishes between a leader and a follower. Event Sourcing Event-driven Architecture Kafka Backend Data Science Dream big and dare to fail. Performance
A/B Testing Code Review Parallel Processing API Gateway Pull Request Message Queue Performance Happiness is not something ready made. It comes from your own actions. UX Optimization Distributed Systems Firewalls Python
